
Microsoft Visual Studio Solution File, Format Version 12.00
# Visual Studio Version 16
VisualStudioVersion = 16.0.30330.147
MinimumVisualStudioVersion = 10.0.40219.1
Project("{FAE04EC0-301F-11D3-BF4B-00C04F79EFBC}") = "Algorithm", "Algorithms\Algorithm.csproj", "{87B36BDD-C1AC-498F-87CA-31B020D64B60}"
EndProject
Project("{FAE04EC0-301F-11D3-BF4B-00C04F79EFBC}") = "Algorithm.Test", "Algorithm.Test\Algorithm.Test.csproj", "{831C2757-AA69-499F-8FCC-C2EEF64F9AA5}"
EndProject
Global
	GlobalSection(SolutionConfigurationPlatforms) = preSolution
		Debug|Any CPU = Debug|Any CPU
		Release|Any CPU = Release|Any CPU
	EndGlobalSection
	GlobalSection(ProjectConfigurationPlatforms) = postSolution
		{87B36BDD-C1AC-498F-87CA-31B020D64B60}.Debug|Any CPU.ActiveCfg = Debug|Any CPU
		{87B36BDD-C1AC-498F-87CA-31B020D64B60}.Debug|Any CPU.Build.0 = Debug|Any CPU
		{87B36BDD-C1AC-498F-87CA-31B020D64B60}.Release|Any CPU.ActiveCfg = Release|Any CPU
		{87B36BDD-C1AC-498F-87CA-31B020D64B60}.Release|Any CPU.Build.0 = Release|Any CPU
		{831C2757-AA69-499F-8FCC-C2EEF64F9AA5}.Debug|Any CPU.ActiveCfg = Debug|Any CPU
		{831C2757-AA69-499F-8FCC-C2EEF64F9AA5}.Debug|Any CPU.Build.0 = Debug|Any CPU
		{831C2757-AA69-499F-8FCC-C2EEF64F9AA5}.Release|Any CPU.ActiveCfg = Release|Any CPU
		{831C2757-AA69-499F-8FCC-C2EEF64F9AA5}.Release|Any CPU.Build.0 = Release|Any CPU
	EndGlobalSection
	GlobalSection(SolutionProperties) = preSolution
		HideSolutionNode = FALSE
	EndGlobalSection
	GlobalSection(ExtensibilityGlobals) = postSolution
		SolutionGuid = {B1736D19-541D-4BF4-8A19-B37B2B1ADC9B}
	EndGlobalSection
EndGlobal
